
Microsoft Visual Studio Solution File, Format Version 10.00
# Visual Studio 2008
Project("{FAE04EC0-301F-11D3-BF4B-00C04F79EFBC}") = "SR.CML.Core.Interfaces", "SR.CML.Core.Interfaces\SR.CML.Core.Interfaces.csproj", "{20AEB624-8FFC-4680-A9A8-30768FDC9A77}"
EndProject
Project("{FAE04EC0-301F-11D3-BF4B-00C04F79EFBC}") = "SR.CML.Core", "SR.CML.Core\SR.CML.Core.csproj", "{70DBA674-32D3-4455-9181-B5A392E185DD}"
EndProject
Project("{FAE04EC0-301F-11D3-BF4B-00C04F79EFBC}") = "SR.CML.CommonPlugins", "SR.CML.CommonPlugins\SR.CML.CommonPlugins.csproj", "{684CDA9E-6037-4D39-B4CA-0D5119BFF11A}"
EndProject
Project("{FAE04EC0-301F-11D3-BF4B-00C04F79EFBC}") = "LFSLib", "3dParty\LFSLib.NET\LFSLib\LFSLib.csproj", "{4A90281C-B741-4539-B27E-45BEBEEEC513}"
EndProject
Project("{FAE04EC0-301F-11D3-BF4B-00C04F79EFBC}") = "SR.CML.Test", "SR.CML.Test\SR.CML.Test.csproj", "{5F877C60-3811-4B70-8E23-31BD68984E3E}"
EndProject
Project("{FAE04EC0-301F-11D3-BF4B-00C04F79EFBC}") = "SR.CML.Common", "SR.CML.Common\SR.CML.Common.csproj", "{B8C31E02-B101-41BD-A302-02376CDF9665}"
EndProject
Project("{FAE04EC0-301F-11D3-BF4B-00C04F79EFBC}") = "SR.CML.SamplePlugin", "SR.CML.SamplePlugin\SR.CML.SamplePlugin.csproj", "{903DC1CD-FD48-416B-9D5B-DCDDC12F93E1}"
EndProject
Project("{FAE04EC0-301F-11D3-BF4B-00C04F79EFBC}") = "SR.CML.TrackEdit", "SR.CML.TrackEdit\SR.CML.TrackEdit.csproj", "{FC0995D3-416B-406D-9D9D-6D83EDADC025}"
EndProject
Project("{FAE04EC0-301F-11D3-BF4B-00C04F79EFBC}") = "SR.CML.Rallycross", "SR.CML.Rallycross\SR.CML.Rallycross.csproj", "{5516D624-8419-4854-A060-889828865524}"
EndProject
Project("{FAE04EC0-301F-11D3-BF4B-00C04F79EFBC}") = "ReplayTest", "ReplayTest\ReplayTest.csproj", "{2AE881D3-5228-4815-A7B1-68D9B86B6214}"
EndProject
Project("{FAE04EC0-301F-11D3-BF4B-00C04F79EFBC}") = "SR.CML.ReactionTester", "SR.CML.ReactionTester\SR.CML.ReactionTester.csproj", "{BC169308-13CD-4845-946E-384939F15896}"
EndProject
Project("{FAE04EC0-301F-11D3-BF4B-00C04F79EFBC}") = "SR.CML.CzechLeague", "SR.CML.CzechLeague\SR.CML.CzechLeague.csproj", "{46A0A89A-B0D9-4285-8818-51E0BF7D8E7E}"
EndProject
Global
	GlobalSection(SolutionConfigurationPlatforms) = preSolution
		Debug|Any CPU = Debug|Any CPU
		Debug|Mixed Platforms = Debug|Mixed Platforms
		Debug|Win32 = Debug|Win32
		FREE|Any CPU = FREE|Any CPU
		FREE|Mixed Platforms = FREE|Mixed Platforms
		FREE|Win32 = FREE|Win32
		FULL|Any CPU = FULL|Any CPU
		FULL|Mixed Platforms = FULL|Mixed Platforms
		FULL|Win32 = FULL|Win32
		Release|Any CPU = Release|Any CPU
		Release|Mixed Platforms = Release|Mixed Platforms
		Release|Win32 = Release|Win32
	EndGlobalSection
	GlobalSection(ProjectConfigurationPlatforms) = postSolution
		{20AEB624-8FFC-4680-A9A8-30768FDC9A77}.Debug|Any CPU.ActiveCfg = Debug|Any CPU
		{20AEB624-8FFC-4680-A9A8-30768FDC9A77}.Debug|Any CPU.Build.0 = Debug|Any CPU
		{20AEB624-8FFC-4680-A9A8-30768FDC9A77}.Debug|Mixed Platforms.ActiveCfg = Debug|Any CPU
		{20AEB624-8FFC-4680-A9A8-30768FDC9A77}.Debug|Mixed Platforms.Build.0 = Debug|Any CPU
		{20AEB624-8FFC-4680-A9A8-30768FDC9A77}.Debug|Win32.ActiveCfg = Debug|Any CPU
		{20AEB624-8FFC-4680-A9A8-30768FDC9A77}.FREE|Any CPU.ActiveCfg = Release|Any CPU
		{20AEB624-8FFC-4680-A9A8-30768FDC9A77}.FREE|Any CPU.Build.0 = Release|Any CPU
		{20AEB624-8FFC-4680-A9A8-30768FDC9A77}.FREE|Mixed Platforms.ActiveCfg = Release|Any CPU
		{20AEB624-8FFC-4680-A9A8-30768FDC9A77}.FREE|Mixed Platforms.Build.0 = Release|Any CPU
		{20AEB624-8FFC-4680-A9A8-30768FDC9A77}.FREE|Win32.ActiveCfg = Release|Any CPU
		{20AEB624-8FFC-4680-A9A8-30768FDC9A77}.FULL|Any CPU.ActiveCfg = Release|Any CPU
		{20AEB624-8FFC-4680-A9A8-30768FDC9A77}.FULL|Any CPU.Build.0 = Release|Any CPU
		{20AEB624-8FFC-4680-A9A8-30768FDC9A77}.FULL|Mixed Platforms.ActiveCfg = Release|Any CPU
		{20AEB624-8FFC-4680-A9A8-30768FDC9A77}.FULL|Mixed Platforms.Build.0 = Release|Any CPU
		{20AEB624-8FFC-4680-A9A8-30768FDC9A77}.FULL|Win32.ActiveCfg = Release|Any CPU
		{20AEB624-8FFC-4680-A9A8-30768FDC9A77}.Release|Any CPU.ActiveCfg = Release|Any CPU
		{20AEB624-8FFC-4680-A9A8-30768FDC9A77}.Release|Any CPU.Build.0 = Release|Any CPU
		{20AEB624-8FFC-4680-A9A8-30768FDC9A77}.Release|Mixed Platforms.ActiveCfg = Release|Any CPU
		{20AEB624-8FFC-4680-A9A8-30768FDC9A77}.Release|Mixed Platforms.Build.0 = Release|Any CPU
		{20AEB624-8FFC-4680-A9A8-30768FDC9A77}.Release|Win32.ActiveCfg = Release|Any CPU
		{70DBA674-32D3-4455-9181-B5A392E185DD}.Debug|Any CPU.ActiveCfg = Debug|Any CPU
		{70DBA674-32D3-4455-9181-B5A392E185DD}.Debug|Any CPU.Build.0 = Debug|Any CPU
		{70DBA674-32D3-4455-9181-B5A392E185DD}.Debug|Mixed Platforms.ActiveCfg = Debug|Any CPU
		{70DBA674-32D3-4455-9181-B5A392E185DD}.Debug|Mixed Platforms.Build.0 = Debug|Any CPU
		{70DBA674-32D3-4455-9181-B5A392E185DD}.Debug|Win32.ActiveCfg = Debug|Any CPU
		{70DBA674-32D3-4455-9181-B5A392E185DD}.FREE|Any CPU.ActiveCfg = Release|Any CPU
		{70DBA674-32D3-4455-9181-B5A392E185DD}.FREE|Any CPU.Build.0 = Release|Any CPU
		{70DBA674-32D3-4455-9181-B5A392E185DD}.FREE|Mixed Platforms.ActiveCfg = Release|Any CPU
		{70DBA674-32D3-4455-9181-B5A392E185DD}.FREE|Mixed Platforms.Build.0 = Release|Any CPU
		{70DBA674-32D3-4455-9181-B5A392E185DD}.FREE|Win32.ActiveCfg = Release|Any CPU
		{70DBA674-32D3-4455-9181-B5A392E185DD}.FULL|Any CPU.ActiveCfg = Release|Any CPU
		{70DBA674-32D3-4455-9181-B5A392E185DD}.FULL|Any CPU.Build.0 = Release|Any CPU
		{70DBA674-32D3-4455-9181-B5A392E185DD}.FULL|Mixed Platforms.ActiveCfg = Release|Any CPU
		{70DBA674-32D3-4455-9181-B5A392E185DD}.FULL|Mixed Platforms.Build.0 = Release|Any CPU
		{70DBA674-32D3-4455-9181-B5A392E185DD}.FULL|Win32.ActiveCfg = Release|Any CPU
		{70DBA674-32D3-4455-9181-B5A392E185DD}.Release|Any CPU.ActiveCfg = Release|Any CPU
		{70DBA674-32D3-4455-9181-B5A392E185DD}.Release|Any CPU.Build.0 = Release|Any CPU
		{70DBA674-32D3-4455-9181-B5A392E185DD}.Release|Mixed Platforms.ActiveCfg = Release|Any CPU
		{70DBA674-32D3-4455-9181-B5A392E185DD}.Release|Mixed Platforms.Build.0 = Release|Any CPU
		{70DBA674-32D3-4455-9181-B5A392E185DD}.Release|Win32.ActiveCfg = Release|Any CPU
		{684CDA9E-6037-4D39-B4CA-0D5119BFF11A}.Debug|Any CPU.ActiveCfg = Debug|Any CPU
		{684CDA9E-6037-4D39-B4CA-0D5119BFF11A}.Debug|Any CPU.Build.0 = Debug|Any CPU
		{684CDA9E-6037-4D39-B4CA-0D5119BFF11A}.Debug|Mixed Platforms.ActiveCfg = Debug|Any CPU
		{684CDA9E-6037-4D39-B4CA-0D5119BFF11A}.Debug|Mixed Platforms.Build.0 = Debug|Any CPU
		{684CDA9E-6037-4D39-B4CA-0D5119BFF11A}.Debug|Win32.ActiveCfg = Debug|Any CPU
		{684CDA9E-6037-4D39-B4CA-0D5119BFF11A}.FREE|Any CPU.ActiveCfg = Release|Any CPU
		{684CDA9E-6037-4D39-B4CA-0D5119BFF11A}.FREE|Any CPU.Build.0 = Release|Any CPU
		{684CDA9E-6037-4D39-B4CA-0D5119BFF11A}.FREE|Mixed Platforms.ActiveCfg = Release|Any CPU
		{684CDA9E-6037-4D39-B4CA-0D5119BFF11A}.FREE|Mixed Platforms.Build.0 = Release|Any CPU
		{684CDA9E-6037-4D39-B4CA-0D5119BFF11A}.FREE|Win32.ActiveCfg = Release|Any CPU
		{684CDA9E-6037-4D39-B4CA-0D5119BFF11A}.FULL|Any CPU.ActiveCfg = Release|Any CPU
		{684CDA9E-6037-4D39-B4CA-0D5119BFF11A}.FULL|Any CPU.Build.0 = Release|Any CPU
		{684CDA9E-6037-4D39-B4CA-0D5119BFF11A}.FULL|Mixed Platforms.ActiveCfg = Release|Any CPU
		{684CDA9E-6037-4D39-B4CA-0D5119BFF11A}.FULL|Mixed Platforms.Build.0 = Release|Any CPU
		{684CDA9E-6037-4D39-B4CA-0D5119BFF11A}.FULL|Win32.ActiveCfg = Release|Any CPU
		{684CDA9E-6037-4D39-B4CA-0D5119BFF11A}.Release|Any CPU.ActiveCfg = Release|Any CPU
		{684CDA9E-6037-4D39-B4CA-0D5119BFF11A}.Release|Any CPU.Build.0 = Release|Any CPU
		{684CDA9E-6037-4D39-B4CA-0D5119BFF11A}.Release|Mixed Platforms.ActiveCfg = Release|Any CPU
		{684CDA9E-6037-4D39-B4CA-0D5119BFF11A}.Release|Mixed Platforms.Build.0 = Release|Any CPU
		{684CDA9E-6037-4D39-B4CA-0D5119BFF11A}.Release|Win32.ActiveCfg = Release|Any CPU
		{4A90281C-B741-4539-B27E-45BEBEEEC513}.Debug|Any CPU.ActiveCfg = Debug|Any CPU
		{4A90281C-B741-4539-B27E-45BEBEEEC513}.Debug|Any CPU.Build.0 = Debug|Any CPU
		{4A90281C-B741-4539-B27E-45BEBEEEC513}.Debug|Mixed Platforms.ActiveCfg = Debug|Any CPU
		{4A90281C-B741-4539-B27E-45BEBEEEC513}.Debug|Mixed Platforms.Build.0 = Debug|Any CPU
		{4A90281C-B741-4539-B27E-45BEBEEEC513}.Debug|Win32.ActiveCfg = Debug|Any CPU
		{4A90281C-B741-4539-B27E-45BEBEEEC513}.FREE|Any CPU.ActiveCfg = Release|Any CPU
		{4A90281C-B741-4539-B27E-45BEBEEEC513}.FREE|Any CPU.Build.0 = Release|Any CPU
		{4A90281C-B741-4539-B27E-45BEBEEEC513}.FREE|Mixed Platforms.ActiveCfg = Release|Any CPU
		{4A90281C-B741-4539-B27E-45BEBEEEC513}.FREE|Mixed Platforms.Build.0 = Release|Any CPU
		{4A90281C-B741-4539-B27E-45BEBEEEC513}.FREE|Win32.ActiveCfg = Release|Any CPU
		{4A90281C-B741-4539-B27E-45BEBEEEC513}.FULL|Any CPU.ActiveCfg = Release|Any CPU
		{4A90281C-B741-4539-B27E-45BEBEEEC513}.FULL|Any CPU.Build.0 = Release|Any CPU
		{4A90281C-B741-4539-B27E-45BEBEEEC513}.FULL|Mixed Platforms.ActiveCfg = Release|Any CPU
		{4A90281C-B741-4539-B27E-45BEBEEEC513}.FULL|Mixed Platforms.Build.0 = Release|Any CPU
		{4A90281C-B741-4539-B27E-45BEBEEEC513}.FULL|Win32.ActiveCfg = Release|Any CPU
		{4A90281C-B741-4539-B27E-45BEBEEEC513}.Release|Any CPU.ActiveCfg = Release|Any CPU
		{4A90281C-B741-4539-B27E-45BEBEEEC513}.Release|Any CPU.Build.0 = Release|Any CPU
		{4A90281C-B741-4539-B27E-45BEBEEEC513}.Release|Mixed Platforms.ActiveCfg = Release|Any CPU
		{4A90281C-B741-4539-B27E-45BEBEEEC513}.Release|Mixed Platforms.Build.0 = Release|Any CPU
		{4A90281C-B741-4539-B27E-45BEBEEEC513}.Release|Win32.ActiveCfg = Release|Any CPU
		{5F877C60-3811-4B70-8E23-31BD68984E3E}.Debug|Any CPU.ActiveCfg = Debug|Any CPU
		{5F877C60-3811-4B70-8E23-31BD68984E3E}.Debug|Any CPU.Build.0 = Debug|Any CPU
		{5F877C60-3811-4B70-8E23-31BD68984E3E}.Debug|Mixed Platforms.ActiveCfg = Debug|Any CPU
		{5F877C60-3811-4B70-8E23-31BD68984E3E}.Debug|Mixed Platforms.Build.0 = Debug|Any CPU
		{5F877C60-3811-4B70-8E23-31BD68984E3E}.Debug|Win32.ActiveCfg = Debug|Any CPU
		{5F877C60-3811-4B70-8E23-31BD68984E3E}.FREE|Any CPU.ActiveCfg = Release|Any CPU
		{5F877C60-3811-4B70-8E23-31BD68984E3E}.FREE|Any CPU.Build.0 = Release|Any CPU
		{5F877C60-3811-4B70-8E23-31BD68984E3E}.FREE|Mixed Platforms.ActiveCfg = Release|Any CPU
		{5F877C60-3811-4B70-8E23-31BD68984E3E}.FREE|Mixed Platforms.Build.0 = Release|Any CPU
		{5F877C60-3811-4B70-8E23-31BD68984E3E}.FREE|Win32.ActiveCfg = Release|Any CPU
		{5F877C60-3811-4B70-8E23-31BD68984E3E}.FULL|Any CPU.ActiveCfg = Release|Any CPU
		{5F877C60-3811-4B70-8E23-31BD68984E3E}.FULL|Any CPU.Build.0 = Release|Any CPU
		{5F877C60-3811-4B70-8E23-31BD68984E3E}.FULL|Mixed Platforms.ActiveCfg = Release|Any CPU
		{5F877C60-3811-4B70-8E23-31BD68984E3E}.FULL|Mixed Platforms.Build.0 = Release|Any CPU
		{5F877C60-3811-4B70-8E23-31BD68984E3E}.FULL|Win32.ActiveCfg = Release|Any CPU
		{5F877C60-3811-4B70-8E23-31BD68984E3E}.Release|Any CPU.ActiveCfg = Release|Any CPU
		{5F877C60-3811-4B70-8E23-31BD68984E3E}.Release|Any CPU.Build.0 = Release|Any CPU
		{5F877C60-3811-4B70-8E23-31BD68984E3E}.Release|Mixed Platforms.ActiveCfg = Release|Any CPU
		{5F877C60-3811-4B70-8E23-31BD68984E3E}.Release|Mixed Platforms.Build.0 = Release|Any CPU
		{5F877C60-3811-4B70-8E23-31BD68984E3E}.Release|Win32.ActiveCfg = Release|Any CPU
		{B8C31E02-B101-41BD-A302-02376CDF9665}.Debug|Any CPU.ActiveCfg = Debug|Any CPU
		{B8C31E02-B101-41BD-A302-02376CDF9665}.Debug|Any CPU.Build.0 = Debug|Any CPU
		{B8C31E02-B101-41BD-A302-02376CDF9665}.Debug|Mixed Platforms.ActiveCfg = Debug|Any CPU
		{B8C31E02-B101-41BD-A302-02376CDF9665}.Debug|Mixed Platforms.Build.0 = Debug|Any CPU
		{B8C31E02-B101-41BD-A302-02376CDF9665}.Debug|Win32.ActiveCfg = Debug|Any CPU
		{B8C31E02-B101-41BD-A302-02376CDF9665}.FREE|Any CPU.ActiveCfg = Release|Any CPU
		{B8C31E02-B101-41BD-A302-02376CDF9665}.FREE|Any CPU.Build.0 = Release|Any CPU
		{B8C31E02-B101-41BD-A302-02376CDF9665}.FREE|Mixed Platforms.ActiveCfg = Release|Any CPU
		{B8C31E02-B101-41BD-A302-02376CDF9665}.FREE|Mixed Platforms.Build.0 = Release|Any CPU
		{B8C31E02-B101-41BD-A302-02376CDF9665}.FREE|Win32.ActiveCfg = Release|Any CPU
		{B8C31E02-B101-41BD-A302-02376CDF9665}.FULL|Any CPU.ActiveCfg = Release|Any CPU
		{B8C31E02-B101-41BD-A302-02376CDF9665}.FULL|Any CPU.Build.0 = Release|Any CPU
		{B8C31E02-B101-41BD-A302-02376CDF9665}.FULL|Mixed Platforms.ActiveCfg = Release|Any CPU
		{B8C31E02-B101-41BD-A302-02376CDF9665}.FULL|Mixed Platforms.Build.0 = Release|Any CPU
		{B8C31E02-B101-41BD-A302-02376CDF9665}.FULL|Win32.ActiveCfg = Release|Any CPU
		{B8C31E02-B101-41BD-A302-02376CDF9665}.Release|Any CPU.ActiveCfg = Release|Any CPU
		{B8C31E02-B101-41BD-A302-02376CDF9665}.Release|Any CPU.Build.0 = Release|Any CPU
		{B8C31E02-B101-41BD-A302-02376CDF9665}.Release|Mixed Platforms.ActiveCfg = Release|Any CPU
		{B8C31E02-B101-41BD-A302-02376CDF9665}.Release|Mixed Platforms.Build.0 = Release|Any CPU
		{B8C31E02-B101-41BD-A302-02376CDF9665}.Release|Win32.ActiveCfg = Release|Any CPU
		{903DC1CD-FD48-416B-9D5B-DCDDC12F93E1}.Debug|Any CPU.ActiveCfg = Debug|Any CPU
		{903DC1CD-FD48-416B-9D5B-DCDDC12F93E1}.Debug|Any CPU.Build.0 = Debug|Any CPU
		{903DC1CD-FD48-416B-9D5B-DCDDC12F93E1}.Debug|Mixed Platforms.ActiveCfg = Debug|Any CPU
		{903DC1CD-FD48-416B-9D5B-DCDDC12F93E1}.Debug|Mixed Platforms.Build.0 = Debug|Any CPU
		{903DC1CD-FD48-416B-9D5B-DCDDC12F93E1}.Debug|Win32.ActiveCfg = Debug|Any CPU
		{903DC1CD-FD48-416B-9D5B-DCDDC12F93E1}.FREE|Any CPU.ActiveCfg = Release|Any CPU
		{903DC1CD-FD48-416B-9D5B-DCDDC12F93E1}.FREE|Mixed Platforms.ActiveCfg = Release|Any CPU
		{903DC1CD-FD48-416B-9D5B-DCDDC12F93E1}.FREE|Win32.ActiveCfg = Release|Any CPU
		{903DC1CD-FD48-416B-9D5B-DCDDC12F93E1}.FULL|Any CPU.ActiveCfg = Release|Any CPU
		{903DC1CD-FD48-416B-9D5B-DCDDC12F93E1}.FULL|Mixed Platforms.ActiveCfg = Release|Any CPU
		{903DC1CD-FD48-416B-9D5B-DCDDC12F93E1}.FULL|Win32.ActiveCfg = Release|Any CPU
		{903DC1CD-FD48-416B-9D5B-DCDDC12F93E1}.Release|Any CPU.ActiveCfg = Release|Any CPU
		{903DC1CD-FD48-416B-9D5B-DCDDC12F93E1}.Release|Any CPU.Build.0 = Release|Any CPU
		{903DC1CD-FD48-416B-9D5B-DCDDC12F93E1}.Release|Mixed Platforms.ActiveCfg = Release|Any CPU
		{903DC1CD-FD48-416B-9D5B-DCDDC12F93E1}.Release|Mixed Platforms.Build.0 = Release|Any CPU
		{903DC1CD-FD48-416B-9D5B-DCDDC12F93E1}.Release|Win32.ActiveCfg = Release|Any CPU
		{FC0995D3-416B-406D-9D9D-6D83EDADC025}.Debug|Any CPU.ActiveCfg = Debug|Any CPU
		{FC0995D3-416B-406D-9D9D-6D83EDADC025}.Debug|Any CPU.Build.0 = Debug|Any CPU
		{FC0995D3-416B-406D-9D9D-6D83EDADC025}.Debug|Mixed Platforms.ActiveCfg = Debug|Any CPU
		{FC0995D3-416B-406D-9D9D-6D83EDADC025}.Debug|Mixed Platforms.Build.0 = Debug|Any CPU
		{FC0995D3-416B-406D-9D9D-6D83EDADC025}.Debug|Win32.ActiveCfg = Debug|Any CPU
		{FC0995D3-416B-406D-9D9D-6D83EDADC025}.FREE|Any CPU.ActiveCfg = Release|Any CPU
		{FC0995D3-416B-406D-9D9D-6D83EDADC025}.FREE|Mixed Platforms.ActiveCfg = Release|Any CPU
		{FC0995D3-416B-406D-9D9D-6D83EDADC025}.FREE|Win32.ActiveCfg = Release|Any CPU
		{FC0995D3-416B-406D-9D9D-6D83EDADC025}.FULL|Any CPU.ActiveCfg = Release|Any CPU
		{FC0995D3-416B-406D-9D9D-6D83EDADC025}.FULL|Mixed Platforms.ActiveCfg = Release|Any CPU
		{FC0995D3-416B-406D-9D9D-6D83EDADC025}.FULL|Win32.ActiveCfg = Release|Any CPU
		{FC0995D3-416B-406D-9D9D-6D83EDADC025}.Release|Any CPU.ActiveCfg = Release|Any CPU
		{FC0995D3-416B-406D-9D9D-6D83EDADC025}.Release|Any CPU.Build.0 = Release|Any CPU
		{FC0995D3-416B-406D-9D9D-6D83EDADC025}.Release|Mixed Platforms.ActiveCfg = Release|Any CPU
		{FC0995D3-416B-406D-9D9D-6D83EDADC025}.Release|Mixed Platforms.Build.0 = Release|Any CPU
		{FC0995D3-416B-406D-9D9D-6D83EDADC025}.Release|Win32.ActiveCfg = Release|Any CPU
		{5516D624-8419-4854-A060-889828865524}.Debug|Any CPU.ActiveCfg = Debug|Any CPU
		{5516D624-8419-4854-A060-889828865524}.Debug|Any CPU.Build.0 = Debug|Any CPU
		{5516D624-8419-4854-A060-889828865524}.Debug|Mixed Platforms.ActiveCfg = Debug|Any CPU
		{5516D624-8419-4854-A060-889828865524}.Debug|Mixed Platforms.Build.0 = Debug|Any CPU
		{5516D624-8419-4854-A060-889828865524}.Debug|Win32.ActiveCfg = Debug|Any CPU
		{5516D624-8419-4854-A060-889828865524}.FREE|Any CPU.ActiveCfg = Release|Any CPU
		{5516D624-8419-4854-A060-889828865524}.FREE|Mixed Platforms.ActiveCfg = Release|Any CPU
		{5516D624-8419-4854-A060-889828865524}.FREE|Win32.ActiveCfg = Release|Any CPU
		{5516D624-8419-4854-A060-889828865524}.FULL|Any CPU.ActiveCfg = Release|Any CPU
		{5516D624-8419-4854-A060-889828865524}.FULL|Mixed Platforms.ActiveCfg = Release|Any CPU
		{5516D624-8419-4854-A060-889828865524}.FULL|Win32.ActiveCfg = Release|Any CPU
		{5516D624-8419-4854-A060-889828865524}.Release|Any CPU.ActiveCfg = Release|Any CPU
		{5516D624-8419-4854-A060-889828865524}.Release|Any CPU.Build.0 = Release|Any CPU
		{5516D624-8419-4854-A060-889828865524}.Release|Mixed Platforms.ActiveCfg = Release|Any CPU
		{5516D624-8419-4854-A060-889828865524}.Release|Win32.ActiveCfg = Release|Any CPU
		{2AE881D3-5228-4815-A7B1-68D9B86B6214}.Debug|Any CPU.ActiveCfg = Debug|Any CPU
		{2AE881D3-5228-4815-A7B1-68D9B86B6214}.Debug|Any CPU.Build.0 = Debug|Any CPU
		{2AE881D3-5228-4815-A7B1-68D9B86B6214}.Debug|Mixed Platforms.ActiveCfg = Debug|Any CPU
		{2AE881D3-5228-4815-A7B1-68D9B86B6214}.Debug|Mixed Platforms.Build.0 = Debug|Any CPU
		{2AE881D3-5228-4815-A7B1-68D9B86B6214}.Debug|Win32.ActiveCfg = Debug|Any CPU
		{2AE881D3-5228-4815-A7B1-68D9B86B6214}.FREE|Any CPU.ActiveCfg = Release|Any CPU
		{2AE881D3-5228-4815-A7B1-68D9B86B6214}.FREE|Mixed Platforms.ActiveCfg = Release|Any CPU
		{2AE881D3-5228-4815-A7B1-68D9B86B6214}.FREE|Win32.ActiveCfg = Release|Any CPU
		{2AE881D3-5228-4815-A7B1-68D9B86B6214}.FULL|Any CPU.ActiveCfg = Release|Any CPU
		{2AE881D3-5228-4815-A7B1-68D9B86B6214}.FULL|Mixed Platforms.ActiveCfg = Release|Any CPU
		{2AE881D3-5228-4815-A7B1-68D9B86B6214}.FULL|Win32.ActiveCfg = Release|Any CPU
		{2AE881D3-5228-4815-A7B1-68D9B86B6214}.Release|Any CPU.ActiveCfg = Release|Any CPU
		{2AE881D3-5228-4815-A7B1-68D9B86B6214}.Release|Any CPU.Build.0 = Release|Any CPU
		{2AE881D3-5228-4815-A7B1-68D9B86B6214}.Release|Mixed Platforms.ActiveCfg = Release|Any CPU
		{2AE881D3-5228-4815-A7B1-68D9B86B6214}.Release|Mixed Platforms.Build.0 = Release|Any CPU
		{2AE881D3-5228-4815-A7B1-68D9B86B6214}.Release|Win32.ActiveCfg = Release|Any CPU
		{BC169308-13CD-4845-946E-384939F15896}.Debug|Any CPU.ActiveCfg = Debug|Any CPU
		{BC169308-13CD-4845-946E-384939F15896}.Debug|Any CPU.Build.0 = Debug|Any CPU
		{BC169308-13CD-4845-946E-384939F15896}.Debug|Mixed Platforms.ActiveCfg = Debug|Any CPU
		{BC169308-13CD-4845-946E-384939F15896}.Debug|Win32.ActiveCfg = Debug|Any CPU
		{BC169308-13CD-4845-946E-384939F15896}.FREE|Any CPU.ActiveCfg = Release|Any CPU
		{BC169308-13CD-4845-946E-384939F15896}.FREE|Mixed Platforms.ActiveCfg = Release|Any CPU
		{BC169308-13CD-4845-946E-384939F15896}.FREE|Win32.ActiveCfg = Release|Any CPU
		{BC169308-13CD-4845-946E-384939F15896}.FULL|Any CPU.ActiveCfg = Release|Any CPU
		{BC169308-13CD-4845-946E-384939F15896}.FULL|Mixed Platforms.ActiveCfg = Release|Any CPU
		{BC169308-13CD-4845-946E-384939F15896}.FULL|Win32.ActiveCfg = Release|Any CPU
		{BC169308-13CD-4845-946E-384939F15896}.Release|Any CPU.ActiveCfg = Release|Any CPU
		{BC169308-13CD-4845-946E-384939F15896}.Release|Any CPU.Build.0 = Release|Any CPU
		{BC169308-13CD-4845-946E-384939F15896}.Release|Mixed Platforms.ActiveCfg = Release|Any CPU
		{BC169308-13CD-4845-946E-384939F15896}.Release|Win32.ActiveCfg = Release|Any CPU
		{46A0A89A-B0D9-4285-8818-51E0BF7D8E7E}.Debug|Any CPU.ActiveCfg = Debug|Any CPU
		{46A0A89A-B0D9-4285-8818-51E0BF7D8E7E}.Debug|Any CPU.Build.0 = Debug|Any CPU
		{46A0A89A-B0D9-4285-8818-51E0BF7D8E7E}.Debug|Mixed Platforms.ActiveCfg = Debug|Any CPU
		{46A0A89A-B0D9-4285-8818-51E0BF7D8E7E}.Debug|Mixed Platforms.Build.0 = Debug|Any CPU
		{46A0A89A-B0D9-4285-8818-51E0BF7D8E7E}.Debug|Win32.ActiveCfg = Debug|Any CPU
		{46A0A89A-B0D9-4285-8818-51E0BF7D8E7E}.FREE|Any CPU.ActiveCfg = Release|Any CPU
		{46A0A89A-B0D9-4285-8818-51E0BF7D8E7E}.FREE|Any CPU.Build.0 = Release|Any CPU
		{46A0A89A-B0D9-4285-8818-51E0BF7D8E7E}.FREE|Mixed Platforms.ActiveCfg = Release|Any CPU
		{46A0A89A-B0D9-4285-8818-51E0BF7D8E7E}.FREE|Mixed Platforms.Build.0 = Release|Any CPU
		{46A0A89A-B0D9-4285-8818-51E0BF7D8E7E}.FREE|Win32.ActiveCfg = Release|Any CPU
		{46A0A89A-B0D9-4285-8818-51E0BF7D8E7E}.FULL|Any CPU.ActiveCfg = Release|Any CPU
		{46A0A89A-B0D9-4285-8818-51E0BF7D8E7E}.FULL|Any CPU.Build.0 = Release|Any CPU
		{46A0A89A-B0D9-4285-8818-51E0BF7D8E7E}.FULL|Mixed Platforms.ActiveCfg = Release|Any CPU
		{46A0A89A-B0D9-4285-8818-51E0BF7D8E7E}.FULL|Mixed Platforms.Build.0 = Release|Any CPU
		{46A0A89A-B0D9-4285-8818-51E0BF7D8E7E}.FULL|Win32.ActiveCfg = Release|Any CPU
		{46A0A89A-B0D9-4285-8818-51E0BF7D8E7E}.Release|Any CPU.ActiveCfg = Release|Any CPU
		{46A0A89A-B0D9-4285-8818-51E0BF7D8E7E}.Release|Any CPU.Build.0 = Release|Any CPU
		{46A0A89A-B0D9-4285-8818-51E0BF7D8E7E}.Release|Mixed Platforms.ActiveCfg = Release|Any CPU
		{46A0A89A-B0D9-4285-8818-51E0BF7D8E7E}.Release|Mixed Platforms.Build.0 = Release|Any CPU
		{46A0A89A-B0D9-4285-8818-51E0BF7D8E7E}.Release|Win32.ActiveCfg = Release|Any CPU
	EndGlobalSection
	GlobalSection(SolutionProperties) = preSolution
		HideSolutionNode = FALSE
	EndGlobalSection
EndGlobal
